
Microsoft Visual Studio Solution File, Format Version 12.00
# Visual Studio 14
VisualStudioVersion = 14.0.24720.0
MinimumVisualStudioVersion = 10.0.40219.1
Project("{FAE04EC0-301F-11D3-BF4B-00C04F79EFBC}") = "Emailzing.UI.Tests", "Emailzing.UI.Tests\Emailzing.UI.Tests.csproj", "{73A48CF0-5E7D-428F-9CAD-4FA7964BE054}"
EndProject
Project("{FAE04EC0-301F-11D3-BF4B-00C04F79EFBC}") = "Emailzing.UI", "Emailzing.UI\Emailzing.UI.csproj", "{FA243301-57D3-4C38-A09B-E1642EB2EBFA}"
EndProject
Project("{FAE04EC0-301F-11D3-BF4B-00C04F79EFBC}") = "Emailzing.Service", "Emailzing.Service\Emailzing.Service.csproj", "{C4436456-BD50-4F48-966F-ED8468801DC1}"
EndProject
Project("{FAE04EC0-301F-11D3-BF4B-00C04F79EFBC}") = "Emailzing.Model", "Emailzing.Model\Emailzing.Model.csproj", "{12BA6EB9-74E1-47E9-82DB-F9FC3ACD2A94}"
EndProject
Global
	GlobalSection(SolutionConfigurationPlatforms) = preSolution
		Debug|Any CPU = Debug|Any CPU
		Release|Any CPU = Release|Any CPU
	EndGlobalSection
	GlobalSection(ProjectConfigurationPlatforms) = postSolution
		{73A48CF0-5E7D-428F-9CAD-4FA7964BE054}.Debug|Any CPU.ActiveCfg = Debug|Any CPU
		{73A48CF0-5E7D-428F-9CAD-4FA7964BE054}.Debug|Any CPU.Build.0 = Debug|Any CPU
		{73A48CF0-5E7D-428F-9CAD-4FA7964BE054}.Release|Any CPU.ActiveCfg = Release|Any CPU
		{73A48CF0-5E7D-428F-9CAD-4FA7964BE054}.Release|Any CPU.Build.0 = Release|Any CPU
		{FA243301-57D3-4C38-A09B-E1642EB2EBFA}.Debug|Any CPU.ActiveCfg = Debug|Any CPU
		{FA243301-57D3-4C38-A09B-E1642EB2EBFA}.Debug|Any CPU.Build.0 = Debug|Any CPU
		{FA243301-57D3-4C38-A09B-E1642EB2EBFA}.Release|Any CPU.ActiveCfg = Release|Any CPU
		{FA243301-57D3-4C38-A09B-E1642EB2EBFA}.Release|Any CPU.Build.0 = Release|Any CPU
		{C4436456-BD50-4F48-966F-ED8468801DC1}.Debug|Any CPU.ActiveCfg = Debug|Any CPU
		{C4436456-BD50-4F48-966F-ED8468801DC1}.Debug|Any CPU.Build.0 = Debug|Any CPU
		{C4436456-BD50-4F48-966F-ED8468801DC1}.Release|Any CPU.ActiveCfg = Release|Any CPU
		{C4436456-BD50-4F48-966F-ED8468801DC1}.Release|Any CPU.Build.0 = Release|Any CPU
		{12BA6EB9-74E1-47E9-82DB-F9FC3ACD2A94}.Debug|Any CPU.ActiveCfg = Debug|Any CPU
		{12BA6EB9-74E1-47E9-82DB-F9FC3ACD2A94}.Debug|Any CPU.Build.0 = Debug|Any CPU
		{12BA6EB9-74E1-47E9-82DB-F9FC3ACD2A94}.Release|Any CPU.ActiveCfg = Release|Any CPU
		{12BA6EB9-74E1-47E9-82DB-F9FC3ACD2A94}.Release|Any CPU.Build.0 = Release|Any CPU
	EndGlobalSection
	GlobalSection(SolutionProperties) = preSolution
		HideSolutionNode = FALSE
	EndGlobalSection
EndGlobal
